<?xml version="1.0" encoding="utf-8"?>
<Project ToolsVersion="4.0" xmlns="http://schemas.microsoft.com/developer/msbuild/2003">
  <ItemGroup>
    <Filter Include="Source Files">
      <UniqueIdentifier>{4FC737F1-C7A5-4376-A066-2A32D752A2FF}</UniqueIdentifier>
      <Extensions>cpp;c;cc;cxx;def;odl;idl;hpj;bat;asm;asmx</Extensions>
    </Filter>
    <Filter Include="Header Files">
      <UniqueIdentifier>{93995380-89BD-4b04-88EB-625FBE52EBFB}</UniqueIdentifier>
      <Extensions>h;hh;hpp;hxx;hm;inl;inc;ipp;xsd</Extensions>
    </Filter>
    <Filter Include="Resource Files">
      <UniqueIdentifier>{67DA6AB6-F800-4c08-8B7A-83BB121AAD01}</UniqueIdentifier>
      <Extensions>rc;ico;cur;bmp;dlg;rc2;rct;bin;rgs;gif;jpg;jpeg;jpe;resx;tiff;tif;png;wav;mfcribbon-ms</Extensions>
    </Filter>
    <Filter Include="Source Files\Materials">
      <UniqueIdentifier>{8f432933-590e-4069-bd60-ee45d52e72d3}</UniqueIdentifier>
    </Filter>
    <Filter Include="Source Files\Windows">
      <UniqueIdentifier>{19955c50-4ff8-4559-b921-a5e8feec3f15}</UniqueIdentifier>
    </Filter>
    <Filter Include="Source Files\API">
      <UniqueIdentifier>{fa5921a6-7630-4780-a0e6-ffa312d3a624}</UniqueIdentifier>
    </Filter>
    <Filter Include="Source Files\UserComponents">
      <UniqueIdentifier>{0ad4fa19-7d14-4a09-9f9f-75cfc1b6f2d8}</UniqueIdentifier>
    </Filter>
    <Filter Include="Source Files\BaseComponents">
      <UniqueIdentifier>{dc1b8740-164c-4a41-ad66-2f5782f551ad}</UniqueIdentifier>
    </Filter>
    <Filter Include="Source Files\Primitives">
      <UniqueIdentifier>{2e9657a5-9337-47c4-8276-5de4d447155a}</UniqueIdentifier>
    </Filter>
    <Filter Include="Source Files\Utilities">
      <UniqueIdentifier>{f0931351-0ac1-4560-ba92-e5c642844723}</UniqueIdentifier>
    </Filter>
  </ItemGroup>
  <ItemGroup>
    <ClInclude Include="Scene.hpp">
      <Filter>Source Files</Filter>
    </ClInclude>
    <ClInclude Include="Entity.hpp">
      <Filter>Source Files</Filter>
    </ClInclude>
    <ClInclude Include="CookTorranceMaterial.hpp">
      <Filter>Source Files\Materials</Filter>
    </ClInclude>
    <ClInclude Include="CubemapConvolveMaterial.hpp">
      <Filter>Source Files\Materials</Filter>
    </ClInclude>
    <ClInclude Include="Cubemap_BaseMaterial.hpp">
      <Filter>Source Files\Materials</Filter>
    </ClInclude>
    <ClInclude Include="CubemapPrefilterMaterial.hpp">
      <Filter>Source Files\Materials</Filter>
    </ClInclude>
    <ClInclude Include="UnlitMaterial.hpp">
      <Filter>Source Files\Materials</Filter>
    </ClInclude>
    <ClInclude Include="NormalDebugMaterial.hpp">
      <Filter>Source Files\Materials</Filter>
    </ClInclude>
    <ClInclude Include="EquirectangularToCubemapMaterial.hpp">
      <Filter>Source Files\Materials</Filter>
    </ClInclude>
    <ClInclude Include="GLFW_Windows.hpp">
      <Filter>Source Files\Windows</Filter>
    </ClInclude>
    <ClInclude Include="Windows.hpp">
      <Filter>Source Files\Windows</Filter>
    </ClInclude>
    <ClInclude Include="GraphicsAPI.hpp">
      <Filter>Source Files\API</Filter>
    </ClInclude>
    <ClInclude Include="GraphicsAPI_OpenGL.hpp">
      <Filter>Source Files\API</Filter>
    </ClInclude>
    <ClInclude Include="MeshRenderer.hpp">
      <Filter>Source Files\BaseComponents</Filter>
    </ClInclude>
    <ClInclude Include="SkyboxRenderer.hpp">
      <Filter>Source Files\BaseComponents</Filter>
    </ClInclude>
    <ClInclude Include="Transform.hpp">
      <Filter>Source Files\BaseComponents</Filter>
    </ClInclude>
    <ClInclude Include="Component.hpp">
      <Filter>Source Files\BaseComponents</Filter>
    </ClInclude>
    <ClInclude Include="SkyboxMaterial.hpp">
      <Filter>Source Files\Materials</Filter>
    </ClInclude>
    <ClInclude Include="BaseMaterial.hpp">
      <Filter>Source Files\Materials</Filter>
    </ClInclude>
    <ClInclude Include="Renderer.hpp">
      <Filter>Source Files\BaseComponents</Filter>
    </ClInclude>
    <ClInclude Include="BRDFLutMaterial.hpp">
      <Filter>Source Files\Materials</Filter>
    </ClInclude>
    <ClInclude Include="TestComponent.hpp">
      <Filter>Source Files\UserComponents</Filter>
    </ClInclude>
    <ClInclude Include="RotateAxis.hpp">
      <Filter>Source Files\UserComponents</Filter>
    </ClInclude>
    <ClInclude Include="Cube.hpp">
      <Filter>Source Files\Primitives</Filter>
    </ClInclude>
    <ClInclude Include="Mesh.hpp">
      <Filter>Source Files\Primitives</Filter>
    </ClInclude>
    <ClInclude Include="Texture.hpp">
      <Filter>Source Files\Primitives</Filter>
    </ClInclude>
    <ClInclude Include="Camera.hpp">
      <Filter>Source Files\Primitives</Filter>
    </ClInclude>
    <ClInclude Include="BaseLight.hpp">
      <Filter>Source Files\Primitives</Filter>
    </ClInclude>
    <ClInclude Include="DirectionalLight.hpp">
      <Filter>Source Files\Primitives</Filter>
    </ClInclude>
    <ClInclude Include="BRDFLutGenerator.hpp">
      <Filter>Source Files\Utilities</Filter>
    </ClInclude>
    <ClInclude Include="CubemapConverter.hpp">
      <Filter>Source Files\Utilities</Filter>
    </ClInclude>
  </ItemGroup>
  <ItemGroup>
    <ClCompile Include="Scene.cpp">
      <Filter>Source Files</Filter>
    </ClCompile>
    <ClCompile Include="TinySandbox.cpp">
      <Filter>Source Files</Filter>
    </ClCompile>
    <ClCompile Include="..\includes\TinyObjLoader\tiny_obj_loader.cc">
      <Filter>Header Files</Filter>
    </ClCompile>
    <ClCompile Include="..\includes\glad.c">
      <Filter>Header Files</Filter>
    </ClCompile>
    <ClCompile Include="CookTorranceMaterial.cpp">
      <Filter>Source Files\Materials</Filter>
    </ClCompile>
    <ClCompile Include="CubemapConvolveMaterial.cpp">
      <Filter>Source Files\Materials</Filter>
    </ClCompile>
    <ClCompile Include="CubemapPrefilterMaterial.cpp">
      <Filter>Source Files\Materials</Filter>
    </ClCompile>
    <ClCompile Include="EquirectangularToCubemapMaterial.cpp">
      <Filter>Source Files\Materials</Filter>
    </ClCompile>
    <ClCompile Include="GLFW_Windows.cpp">
      <Filter>Source Files\Windows</Filter>
    </ClCompile>
    <ClCompile Include="Windows.cpp">
      <Filter>Source Files\Windows</Filter>
    </ClCompile>
    <ClCompile Include="GraphicsAPI.cpp">
      <Filter>Source Files\API</Filter>
    </ClCompile>
    <ClCompile Include="GraphicsAPI_OpenGL.cpp">
      <Filter>Source Files\API</Filter>
    </ClCompile>
    <ClCompile Include="MeshRenderer.cpp">
      <Filter>Source Files\BaseComponents</Filter>
    </ClCompile>
    <ClCompile Include="SkyboxRenderer.cpp">
      <Filter>Source Files\BaseComponents</Filter>
    </ClCompile>
    <ClCompile Include="SkyboxMaterial.cpp">
      <Filter>Source Files\Materials</Filter>
    </ClCompile>
    <ClCompile Include="BaseMaterial.cpp">
      <Filter>Source Files\Materials</Filter>
    </ClCompile>
    <ClCompile Include="Renderer.cpp">
      <Filter>Source Files\BaseComponents</Filter>
    </ClCompile>
    <ClCompile Include="BRDFLutMaterial.cpp">
      <Filter>Source Files\Materials</Filter>
    </ClCompile>
    <ClCompile Include="RotateAxis.cpp">
      <Filter>Source Files\UserComponents</Filter>
    </ClCompile>
    <ClCompile Include="Mesh.cpp">
      <Filter>Source Files\Primitives</Filter>
    </ClCompile>
    <ClCompile Include="Texture.cpp">
      <Filter>Source Files\Primitives</Filter>
    </ClCompile>
    <ClCompile Include="DirectionalLight.cpp">
      <Filter>Source Files\Primitives</Filter>
    </ClCompile>
    <ClCompile Include="BRDFLutGenerator.cpp">
      <Filter>Source Files\Utilities</Filter>
    </ClCompile>
    <ClCompile Include="CubemapConverter.cpp">
      <Filter>Source Files\Utilities</Filter>
    </ClCompile>
  </ItemGroup>
</Project>